
Microsoft Visual Studio Solution File, Format Version 12.00
# Visual Studio 2012
Project("{FAE04EC0-301F-11D3-BF4B-00C04F79EFBC}") = "WindowsFormsApplication1", "WindowsFormsApplication1\WindowsFormsApplication1.csproj", "{4A358E5F-D43B-44BE-8D94-4CB6EF2DBE6C}"
EndProject
Global
	GlobalSection(SolutionConfigurationPlatforms) = preSolution
		Debug|Any CPU = Debug|Any CPU
		Release|Any CPU = Release|Any CPU
	EndGlobalSection
	GlobalSection(ProjectConfigurationPlatforms) = postSolution
		{4A358E5F-D43B-44BE-8D94-4CB6EF2DBE6C}.Debug|Any CPU.ActiveCfg = Debug|Any CPU
		{4A358E5F-D43B-44BE-8D94-4CB6EF2DBE6C}.Debug|Any CPU.Build.0 = Debug|Any CPU
		{4A358E5F-D43B-44BE-8D94-4CB6EF2DBE6C}.Release|Any CPU.ActiveCfg = Release|Any CPU
		{4A358E5F-D43B-44BE-8D94-4CB6EF2DBE6C}.Release|Any CPU.Build.0 = Release|Any CPU
	EndGlobalSection
	GlobalSection(SolutionProperties) = preSolution
		HideSolutionNode = FALSE
	EndGlobalSection
EndGlobal
